{
    "_meta": {
        "hash": {
            "sha256": "5d28ea12b63324f8b605c9eeeb7bf85712aed19a788199ac3f778a60b69bb988"
        },
        "pipfile-spec": 6,
        "requires": {
            "python_version": "3.7"
        },
        "sources": [
            {
                "name": "pypi",
                "url": "https://pypi.org/simple",
                "verify_ssl": true
            }
        ]
    },
    "default": {},
    "develop": {
        "mockito": {
            "hashes": [
                "sha256:cedbe2057d851fe7d7b35a85bfdfec7a7daaeb760b9a1c0f253ba0d9d63892c6"
            ],
            "index": "pypi",
            "version": "==1.2.1"
        }
    }
}
